
Microsoft Visual Studio Solution File, Format Version 12.00
# Visual Studio Version 17
VisualStudioVersion = 17.12.35707.178 d17.12
MinimumVisualStudioVersion = 10.0.40219.1
Project("{FAE04EC0-301F-11D3-BF4B-00C04F79EFBC}") = "Inbursa.Domain", "src\Inbursa.Domain\Inbursa.Domain.csproj", "{C51DEE70-3DB1-473B-AE50-7CE10674A142}"
EndProject
Project("{2150E333-8FDC-42A3-9474-1A3956D46DE8}") = "1 - Application", "1 - Application", "{6ED11773-F9A5-4536-997E-F8F0B58263A4}"
EndProject
Project("{2150E333-8FDC-42A3-9474-1A3956D46DE8}") = "2 - Domain", "2 - Domain", "{E9D912E9-2D72-4DF3-ACA4-F2F154059814}"
EndProject
Project("{2150E333-8FDC-42A3-9474-1A3956D46DE8}") = "3 - Infrastructure", "3 - Infrastructure", "{E11292D7-E054-4D16-9DC6-19715EC681BE}"
EndProject
Project("{2150E333-8FDC-42A3-9474-1A3956D46DE8}") = "4 - CrossCutting", "4 - CrossCutting", "{1DBDD6E3-FECF-48E0-9F3F-C3048E1696C5}"
EndProject
Project("{FAE04EC0-301F-11D3-BF4B-00C04F79EFBC}") = "Inbursa.Infra.Data", "src\Inbursa.Infra.Data\Inbursa.Infra.Data.csproj", "{351935A2-F78F-47CF-92C5-68C78AB57EAA}"
EndProject
Project("{FAE04EC0-301F-11D3-BF4B-00C04F79EFBC}") = "Inbursa.CrossCutting.IoC", "src\Inbursa.CrossCutting.IoC\Inbursa.CrossCutting.IoC.csproj", "{9F80DF0D-7BB7-415A-8623-2F4CC378AF6E}"
EndProject
Project("{FAE04EC0-301F-11D3-BF4B-00C04F79EFBC}") = "Inbursa.Api", "src\Inbursa.Api\Inbursa.Api.csproj", "{757CB87D-A32B-41FB-9145-93C750E1E20F}"
EndProject
Project("{FAE04EC0-301F-11D3-BF4B-00C04F79EFBC}") = "Inbursa.Application", "src\Inbursa.Application\Inbursa.Application.csproj", "{D84EBF11-05F2-41D6-B08A-C79BFDF4DDBD}"
EndProject
Project("{2150E333-8FDC-42A3-9474-1A3956D46DE8}") = "0 - Presentation", "0 - Presentation", "{AFD1091B-698E-443C-A6AC-A674611462E7}"
EndProject
Project("{2150E333-8FDC-42A3-9474-1A3956D46DE8}") = "src", "src", "{0633B986-21B4-42C2-B6A9-21B2BF1680FB}"
EndProject
Project("{2150E333-8FDC-42A3-9474-1A3956D46DE8}") = "tests", "tests", "{61251BFC-B072-4153-879D-0F7A245E0652}"
EndProject
Project("{FAE04EC0-301F-11D3-BF4B-00C04F79EFBC}") = "Inbursa.Domain.Tests", "tests\Inbursa.Domain.Tests\Inbursa.Domain.Tests.csproj", "{9F85598F-94D6-40B5-88B4-D30A88D3F152}"
EndProject
Global
	GlobalSection(SolutionConfigurationPlatforms) = preSolution
		Debug|Any CPU = Debug|Any CPU
		Release|Any CPU = Release|Any CPU
	EndGlobalSection
	GlobalSection(ProjectConfigurationPlatforms) = postSolution
		{C51DEE70-3DB1-473B-AE50-7CE10674A142}.Debug|Any CPU.ActiveCfg = Debug|Any CPU
		{C51DEE70-3DB1-473B-AE50-7CE10674A142}.Debug|Any CPU.Build.0 = Debug|Any CPU
		{C51DEE70-3DB1-473B-AE50-7CE10674A142}.Release|Any CPU.ActiveCfg = Release|Any CPU
		{C51DEE70-3DB1-473B-AE50-7CE10674A142}.Release|Any CPU.Build.0 = Release|Any CPU
		{351935A2-F78F-47CF-92C5-68C78AB57EAA}.Debug|Any CPU.ActiveCfg = Debug|Any CPU
		{351935A2-F78F-47CF-92C5-68C78AB57EAA}.Debug|Any CPU.Build.0 = Debug|Any CPU
		{351935A2-F78F-47CF-92C5-68C78AB57EAA}.Release|Any CPU.ActiveCfg = Release|Any CPU
		{351935A2-F78F-47CF-92C5-68C78AB57EAA}.Release|Any CPU.Build.0 = Release|Any CPU
		{9F80DF0D-7BB7-415A-8623-2F4CC378AF6E}.Debug|Any CPU.ActiveCfg = Debug|Any CPU
		{9F80DF0D-7BB7-415A-8623-2F4CC378AF6E}.Debug|Any CPU.Build.0 = Debug|Any CPU
		{9F80DF0D-7BB7-415A-8623-2F4CC378AF6E}.Release|Any CPU.ActiveCfg = Release|Any CPU
		{9F80DF0D-7BB7-415A-8623-2F4CC378AF6E}.Release|Any CPU.Build.0 = Release|Any CPU
		{757CB87D-A32B-41FB-9145-93C750E1E20F}.Debug|Any CPU.ActiveCfg = Debug|Any CPU
		{757CB87D-A32B-41FB-9145-93C750E1E20F}.Debug|Any CPU.Build.0 = Debug|Any CPU
		{757CB87D-A32B-41FB-9145-93C750E1E20F}.Release|Any CPU.ActiveCfg = Release|Any CPU
		{757CB87D-A32B-41FB-9145-93C750E1E20F}.Release|Any CPU.Build.0 = Release|Any CPU
		{D84EBF11-05F2-41D6-B08A-C79BFDF4DDBD}.Debug|Any CPU.ActiveCfg = Debug|Any CPU
		{D84EBF11-05F2-41D6-B08A-C79BFDF4DDBD}.Debug|Any CPU.Build.0 = Debug|Any CPU
		{D84EBF11-05F2-41D6-B08A-C79BFDF4DDBD}.Release|Any CPU.ActiveCfg = Release|Any CPU
		{D84EBF11-05F2-41D6-B08A-C79BFDF4DDBD}.Release|Any CPU.Build.0 = Release|Any CPU
		{9F85598F-94D6-40B5-88B4-D30A88D3F152}.Debug|Any CPU.ActiveCfg = Debug|Any CPU
		{9F85598F-94D6-40B5-88B4-D30A88D3F152}.Debug|Any CPU.Build.0 = Debug|Any CPU
		{9F85598F-94D6-40B5-88B4-D30A88D3F152}.Release|Any CPU.ActiveCfg = Release|Any CPU
		{9F85598F-94D6-40B5-88B4-D30A88D3F152}.Release|Any CPU.Build.0 = Release|Any CPU
	EndGlobalSection
	GlobalSection(SolutionProperties) = preSolution
		HideSolutionNode = FALSE
	EndGlobalSection
	GlobalSection(NestedProjects) = preSolution
		{C51DEE70-3DB1-473B-AE50-7CE10674A142} = {E9D912E9-2D72-4DF3-ACA4-F2F154059814}
		{6ED11773-F9A5-4536-997E-F8F0B58263A4} = {0633B986-21B4-42C2-B6A9-21B2BF1680FB}
		{E9D912E9-2D72-4DF3-ACA4-F2F154059814} = {0633B986-21B4-42C2-B6A9-21B2BF1680FB}
		{E11292D7-E054-4D16-9DC6-19715EC681BE} = {0633B986-21B4-42C2-B6A9-21B2BF1680FB}
		{1DBDD6E3-FECF-48E0-9F3F-C3048E1696C5} = {0633B986-21B4-42C2-B6A9-21B2BF1680FB}
		{351935A2-F78F-47CF-92C5-68C78AB57EAA} = {E11292D7-E054-4D16-9DC6-19715EC681BE}
		{9F80DF0D-7BB7-415A-8623-2F4CC378AF6E} = {1DBDD6E3-FECF-48E0-9F3F-C3048E1696C5}
		{757CB87D-A32B-41FB-9145-93C750E1E20F} = {AFD1091B-698E-443C-A6AC-A674611462E7}
		{D84EBF11-05F2-41D6-B08A-C79BFDF4DDBD} = {6ED11773-F9A5-4536-997E-F8F0B58263A4}
		{AFD1091B-698E-443C-A6AC-A674611462E7} = {0633B986-21B4-42C2-B6A9-21B2BF1680FB}
		{9F85598F-94D6-40B5-88B4-D30A88D3F152} = {61251BFC-B072-4153-879D-0F7A245E0652}
	EndGlobalSection
EndGlobal
